
Microsoft Visual Studio Solution File, Format Version 12.00
# Visual Studio 2013
VisualStudioVersion = 12.0.31101.0
MinimumVisualStudioVersion = 10.0.40219.1
Project("{FAE04EC0-301F-11D3-BF4B-00C04F79EFBC}") = "Project_Track Tutoring System", "Project_Track Tutoring System\Project_Track Tutoring System.csproj", "{9FF0C1E6-B014-4A3A-BB37-7DCFDF06B390}"
EndProject
Global
	GlobalSection(SolutionConfigurationPlatforms) = preSolution
		Debug|Any CPU = Debug|Any CPU
		Release|Any CPU = Release|Any CPU
	EndGlobalSection
	GlobalSection(ProjectConfigurationPlatforms) = postSolution
		{9FF0C1E6-B014-4A3A-BB37-7DCFDF06B390}.Debug|Any CPU.ActiveCfg = Debug|Any CPU
		{9FF0C1E6-B014-4A3A-BB37-7DCFDF06B390}.Debug|Any CPU.Build.0 = Debug|Any CPU
		{9FF0C1E6-B014-4A3A-BB37-7DCFDF06B390}.Release|Any CPU.ActiveCfg = Release|Any CPU
		{9FF0C1E6-B014-4A3A-BB37-7DCFDF06B390}.Release|Any CPU.Build.0 = Release|Any CPU
	EndGlobalSection
	GlobalSection(SolutionProperties) = preSolution
		HideSolutionNode = FALSE
	EndGlobalSection
EndGlobal
